// !$*UTF8*$!
{
	archiveVersion = 1;
	classes = {
	};
	objectVersion = 46;
	objects = {

/* Begin PBXBuildFile section */
		B9322D7B203D684B0081AA80 /* main.m in Sources */ = {isa = PBXBuildFile; fileRef = B9322D7A203D684B0081AA80 /* main.m */; };
		B9322D7E203D684B0081AA80 /* AppDelegate.m in Sources */ = {isa = PBXBuildFile; fileRef = B9322D7D203D684B0081AA80 /* AppDelegate.m */; };
		B9322D81203D684B0081AA80 /* ViewController.m in Sources */ = {isa = PBXBuildFile; fileRef = B9322D80203D684B0081AA80 /* ViewController.m */; };
		B9322D84203D684B0081AA80 /* Main.storyboard in Resources */ = {isa = PBXBuildFile; fileRef = B9322D82203D684B0081AA80 /* Main.storyboard */; };
		B9322D87203D684B0081AA80 /* finalcoredata.xcdatamodeld in Sources */ = {isa = PBXBuildFile; fileRef = B9322D85203D684B0081AA80 /* finalcoredata.xcdatamodeld */; };
		B9322D89203D684B0081AA80 /* Assets.xcassets in Resources */ = {isa = PBXBuildFile; fileRef = B9322D88203D684B0081AA80 /* Assets.xcassets */; };
		B9322D8C203D684B0081AA80 /* LaunchScreen.storyboard in Resources */ = {isa = PBXBuildFile; fileRef = B9322D8A203D684B0081AA80 /* LaunchScreen.storyboard */; };
		B9890E3820467AF900BEC192 /* 1.jpg in Resources */ = {isa = PBXBuildFile; fileRef = B9890E3720467AF900BEC192 /* 1.jpg */; };
		B9890E3A20467B0700BEC192 /* 2.jpg in Resources */ = {isa = PBXBuildFile; fileRef = B9890E3920467B0700BEC192 /* 2.jpg */; };
		B9890E3C20467B2700BEC192 /* 3.jpg in Resources */ = {isa = PBXBuildFile; fileRef = B9890E3B20467B2700BEC192 /* 3.jpg */; };
/* End PBXBuildFile section */

/* Begin PBXFileReference section */
		B9322D76203D684B0081AA80 /* finalcoredata.app */ = {isa = PBXFileReference; explicitFileType = wrapper.application; includeInIndex = 0; path = finalcoredata.app; sourceTree = BUILT_PRODUCTS_DIR; };
		B9322D7A203D684B0081AA80 /* main.m */ = {isa = PBXFileReference; lastKnownFileType = sourcecode.c.objc; path = main.m; sourceTree = "<group>"; };
		B9322D7C203D684B0081AA80 /* AppDelegate.h */ = {isa = PBXFileReference; lastKnownFileType = sourcecode.c.h; path = AppDelegate.h; sourceTree = "<group>"; };
		B9322D7D203D684B0081AA80 /* AppDelegate.m */ = {isa = PBXFileReference; lastKnownFileType = sourcecode.c.objc; path = AppDelegate.m; sourceTree = "<group>"; };
		B9322D7F203D684B0081AA80 /* ViewController.h */ = {isa = PBXFileReference; lastKnownFileType = sourcecode.c.h; path = ViewController.h; sourceTree = "<group>"; };
		B9322D80203D684B0081AA80 /* ViewController.m */ = {isa = PBXFileReference; lastKnownFileType = sourcecode.c.objc; path = ViewController.m; sourceTree = "<group>"; };
		B9322D83203D684B0081AA80 /* Base */ = {isa = PBXFileReference; lastKnownFileType = file.storyboard; name = Base; path = Base.lproj/Main.storyboard; sourceTree = "<group>"; };
		B9322D86203D684B0081AA80 /* finalcoredata.xcdatamodel */ = {isa = PBXFileReference; lastKnownFileType = wrapper.xcdatamodel; path = finalcoredata.xcdatamodel; sourceTree = "<group>"; };
		B9322D88203D684B0081AA80 /* Assets.xcassets */ = {isa = PBXFileReference; lastKnownFileType = folder.assetcatalog; path = Assets.xcassets; sourceTree = "<group>"; };
		B9322D8B203D684B0081AA80 /* Base */ = {isa = PBXFileReference; lastKnownFileType = file.storyboard; name = Base; path = Base.lproj/LaunchScreen.storyboard; sourceTree = "<group>"; };
		B9322D8D203D684B0081AA80 /* Info.plist */ = {isa = PBXFileReference; lastKnownFileType = text.plist.xml; path = Info.plist; sourceTree = "<group>"; };
		B9890E3720467AF900BEC192 /* 1.jpg */ = {isa = PBXFileReference; lastKnownFileType = image.jpeg; path = 1.jpg; sourceTree = "<group>"; };
		B9890E3920467B0700BEC192 /* 2.jpg */ = {isa = PBXFileReference; lastKnownFileType = image.jpeg; path = 2.jpg; sourceTree = "<group>"; };
		B9890E3B20467B2700BEC192 /* 3.jpg */ = {isa = PBXFileReference; lastKnownFileType = image.jpeg; path = 3.jpg; sourceTree = "<group>"; };
/* End PBXFileReference section */

/* Begin PBXFrameworksBuildPhase section */
		B9322D73203D684B0081AA80 /* Frameworks */ = {
			isa = PBXFrameworksBuildPhase;
			buildActionMask = 2147483647;
			files = (
			);
			runOnlyForDeploymentPostprocessing = 0;
		};
/* End PBXFrameworksBuildPhase section */

/* Begin PBXGroup section */
		B9322D6D203D684B0081AA80 = {
			isa = PBXGroup;
			children = (
				B9322D78203D684B0081AA80 /* finalcoredata */,
				B9322D77203D684B0081AA80 /* Products */,
			);
			sourceTree = "<group>";
		};
		B9322D77203D684B0081AA80 /* Products */ = {
			isa = PBXGroup;
			children = (
				B9322D76203D684B0081AA80 /* finalcoredata.app */,
			);
			name = Products;
			sourceTree = "<group>";
		};
		B9322D78203D684B0081AA80 /* finalcoredata */ = {
			isa = PBXGroup;
			children = (
				B9322D7C203D684B0081AA80 /* AppDelegate.h */,
				B9322D7D203D684B0081AA80 /* AppDelegate.m */,
				B9322D7F203D684B0081AA80 /* ViewController.h */,
				B9322D80203D684B0081AA80 /* ViewController.m */,
				B9890E3B20467B2700BEC192 /* 3.jpg */,
				B9890E3920467B0700BEC192 /* 2.jpg */,
				B9890E3720467AF900BEC192 /* 1.jpg */,
				B9322D82203D684B0081AA80 /* Main.storyboard */,
				B9322D88203D684B0081AA80 /* Assets.xcassets */,
				B9322D8A203D684B0081AA80 /* LaunchScreen.storyboard */,
				B9322D8D203D684B0081AA80 /* Info.plist */,
				B9322D85203D684B0081AA80 /* finalcoredata.xcdatamodeld */,
				B9322D79203D684B0081AA80 /* Supporting Files */,
			);
			path = finalcoredata;
			sourceTree = "<group>";
		};
		B9322D79203D684B0081AA80 /* Supporting Files */ = {
			isa = PBXGroup;
			children = (
				B9322D7A203D684B0081AA80 /* main.m */,
			);
			name = "Supporting Files";
			sourceTree = "<group>";
		};
/* End PBXGroup section */

/* Begin PBXNativeTarget section */
		B9322D75203D684B0081AA80 /* finalcoredata */ = {
			isa = PBXNativeTarget;
			buildConfigurationList = B9322D90203D684B0081AA80 /* Build configuration list for PBXNativeTarget "finalcoredata" */;
			buildPhases = (
				B9322D72203D684B0081AA80 /* Sources */,
				B9322D73203D684B0081AA80 /* Frameworks */,
				B9322D74203D684B0081AA80 /* Resources */,
			);
			buildRules = (
			);
			dependencies = (
			);
			name = finalcoredata;
			productName = finalcoredata;
			productReference = B9322D76203D684B0081AA80 /* finalcoredata.app */;
			productType = "com.apple.product-type.application";
		};
/* End PBXNativeTarget section */

/* Begin PBXProject section */
		B9322D6E203D684B0081AA80 /* Project object */ = {
			isa = PBXProject;
			attributes = {
				LastUpgradeCheck = 0730;
				ORGANIZATIONNAME = sonal;
				TargetAttributes = {
					B9322D75203D684B0081AA80 = {
						CreatedOnToolsVersion = 7.3;
					};
				};
			};
			buildConfigurationList = B9322D71203D684B0081AA80 /* Build configuration list for PBXProject "finalcoredata" */;
			compatibilityVersion = "Xcode 3.2";
			developmentRegion = English;
			hasScannedForEncodings = 0;
			knownRegions = (
				en,
				Base,
			);
			mainGroup = B9322D6D203D684B0081AA80;
			productRefGroup = B9322D77203D684B0081AA80 /* Products */;
			projectDirPath = "";
			projectRoot = "";
			targets = (
				B9322D75203D684B0081AA80 /* finalcoredata */,
			);
		};
/* End PBXProject section */

/* Begin PBXResourcesBuildPhase section */
		B9322D74203D684B0081AA80 /* Resources */ = {
			isa = PBXResourcesBuildPhase;
			buildActionMask = 2147483647;
			files = (
				B9322D8C203D684B0081AA80 /* LaunchScreen.storyboard in Resources */,
				B9890E3820467AF900BEC192 /* 1.jpg in Resources */,
				B9890E3A20467B0700BEC192 /* 2.jpg in Resources */,
				B9890E3C20467B2700BEC192 /* 3.jpg in Resources */,
				B9322D89203D684B0081AA80 /* Assets.xcassets in Resources */,
				B9322D84203D684B0081AA80 /* Main.storyboard in Resources */,
			);
			runOnlyForDeploymentPostprocessing = 0;
		};
/* End PBXResourcesBuildPhase section */

/* Begin PBXSourcesBuildPhase section */
		B9322D72203D684B0081AA80 /* Sources */ = {
			isa = PBXSourcesBuildPhase;
			buildActionMask = 2147483647;
			files = (
				B9322D81203D684B0081AA80 /* ViewController.m in Sources */,
				B9322D7E203D684B0081AA80 /* AppDelegate.m in Sources */,
				B9322D7B203D684B0081AA80 /* main.m in Sources */,
				B9322D87203D684B0081AA80 /* finalcoredata.xcdatamodeld in Sources */,
			);
			runOnlyForDeploymentPostprocessing = 0;
		};
/* End PBXSourcesBuildPhase section */

/* Begin PBXVariantGroup section */
		B9322D82203D684B0081AA80 /* Main.storyboard */ = {
			isa = PBXVariantGroup;
			children = (
				B9322D83203D684B0081AA80 /* Base */,
			);
			name = Main.storyboard;
			sourceTree = "<group>";
		};
		B9322D8A203D684B0081AA80 /* LaunchScreen.storyboard */ = {
			isa = PBXVariantGroup;
			children = (
				B9322D8B203D684B0081AA80 /* Base */,
			);
			name = LaunchScreen.storyboard;
			sourceTree = "<group>";
		};
/* End PBXVariantGroup section */

/* Begin XCBuildConfiguration section */
		B9322D8E203D684B0081AA80 /* Debug */ = {
			isa = XCBuildConfiguration;
			buildSettings = {
				ALWAYS_SEARCH_USER_PATHS = NO;
				CLANG_ANALYZER_NONNULL = YES;
				CLANG_CXX_LANGUAGE_STANDARD = "gnu++0x";
				CLANG_CXX_LIBRARY = "libc++";
				CLANG_ENABLE_MODULES = YES;
				CLANG_ENABLE_OBJC_ARC = YES;
				CLANG_WARN_BOOL_CONVERSION = YES;
				CLANG_WARN_CONSTANT_CONVERSION = YES;
				CLANG_WARN_DIRECT_OBJC_ISA_USAGE = YES_ERROR;
				CLANG_WARN_EMPTY_BODY = YES;
				CLANG_WARN_ENUM_CONVERSION = YES;
				CLANG_WARN_INT_CONVERSION = YES;
				CLANG_WARN_OBJC_ROOT_CLASS = YES_ERROR;
				CLANG_WARN_UNREACHABLE_CODE = YES;
				CLANG_WARN__DUPLICATE_METHOD_MATCH = YES;
				"CODE_SIGN_IDENTITY[sdk=iphoneos*]" = "iPhone Developer";
				COPY_PHASE_STRIP = NO;
				DEBUG_INFORMATION_FORMAT = dwarf;
				ENABLE_STRICT_OBJC_MSGSEND = YES;
				ENABLE_TESTABILITY = YES;
				GCC_C_LANGUAGE_STANDARD = gnu99;
				GCC_DYNAMIC_NO_PIC = NO;
				GCC_NO_COMMON_BLOCKS = YES;
				GCC_OPTIMIZATION_LEVEL = 0;
				GCC_PREPROCESSOR_DEFINITIONS = (
					"DEBUG=1",
					"$(inherited)",
				);
				GCC_WARN_64_TO_32_BIT_CONVERSION = YES;
				GCC_WARN_ABOUT_RETURN_TYPE = YES_ERROR;
				GCC_WARN_UNDECLARED_SELECTOR = YES;
				GCC_WARN_UNINITIALIZED_AUTOS = YES_AGGRESSIVE;
				GCC_WARN_UNUSED_FUNCTION = YES;
				GCC_WARN_UNUSED_VARIABLE = YES;
				IPHONEOS_DEPLOYMENT_TARGET = 9.3;
				MTL_ENABLE_DEBUG_INFO = YES;
				ONLY_ACTIVE_ARCH = YES;
				SDKROOT = iphoneos;
				TARGETED_DEVICE_FAMILY = "1,2";
			};
			name = Debug;
		};
		B9322D8F203D684B0081AA80 /* Release */ = {
			isa = XCBuildConfiguration;
			buildSettings = {
				ALWAYS_SEARCH_USER_PATHS = NO;
				CLANG_ANALYZER_NONNULL = YES;
				CLANG_CXX_LANGUAGE_STANDARD = "gnu++0x";
				CLANG_CXX_LIBRARY = "libc++";
				CLANG_ENABLE_MODULES = YES;
				CLANG_ENABLE_OBJC_ARC = YES;
				CLANG_WARN_BOOL_CONVERSION = YES;
				CLANG_WARN_CONSTANT_CONVERSION = YES;
				CLANG_WARN_DIRECT_OBJC_ISA_USAGE = YES_ERROR;
				CLANG_WARN_EMPTY_BODY = YES;
				CLANG_WARN_ENUM_CONVERSION = YES;
				CLANG_WARN_INT_CONVERSION = YES;
				CLANG_WARN_OBJC_ROOT_CLASS = YES_ERROR;
				CLANG_WARN_UNREACHABLE_CODE = YES;
				CLANG_WARN__DUPLICATE_METHOD_MATCH = YES;
				"CODE_SIGN_IDENTITY[sdk=iphoneos*]" = "iPhone Developer";
				COPY_PHASE_STRIP = NO;
				DEBUG_INFORMATION_FORMAT = "dwarf-with-dsym";
				ENABLE_NS_ASSERTIONS = NO;
				ENABLE_STRICT_OBJC_MSGSEND = YES;
				GCC_C_LANGUAGE_STANDARD = gnu99;
				GCC_NO_COMMON_BLOCKS = YES;
				GCC_WARN_64_TO_32_BIT_CONVERSION = YES;
				GCC_WARN_ABOUT_RETURN_TYPE = YES_ERROR;
				GCC_WARN_UNDECLARED_SELECTOR = YES;
				GCC_WARN_UNINITIALIZED_AUTOS = YES_AGGRESSIVE;
				GCC_WARN_UNUSED_FUNCTION = YES;
				GCC_WARN_UNUSED_VARIABLE = YES;
				IPHONEOS_DEPLOYMENT_TARGET = 9.3;
				MTL_ENABLE_DEBUG_INFO = NO;
				SDKROOT = iphoneos;
				TARGETED_DEVICE_FAMILY = "1,2";
				VALIDATE_PRODUCT = YES;
			};
			name = Release;
		};
		B9322D91203D684B0081AA80 /* Debug */ = {
			isa = XCBuildConfiguration;
			buildSettings = {
				ASSETCATALOG_COMPILER_APPICON_NAME = AppIcon;
				INFOPLIST_FILE = finalcoredata/Info.plist;
				LD_RUNPATH_SEARCH_PATHS = "$(inherited) @executable_path/Frameworks";
				PRODUCT_BUNDLE_IDENTIFIER = sonal.finalcoredata;
				PRODUCT_NAME = "$(TARGET_NAME)";
			};
			name = Debug;
		};
		B9322D92203D684B0081AA80 /* Release */ = {
			isa = XCBuildConfiguration;
			buildSettings = {
				ASSETCATALOG_COMPILER_APPICON_NAME = AppIcon;
				INFOPLIST_FILE = finalcoredata/Info.plist;
				LD_RUNPATH_SEARCH_PATHS = "$(inherited) @executable_path/Frameworks";
				PRODUCT_BUNDLE_IDENTIFIER = sonal.finalcoredata;
				PRODUCT_NAME = "$(TARGET_NAME)";
			};
			name = Release;
		};
/* End XCBuildConfiguration section */

/* Begin XCConfigurationList section */
		B9322D71203D684B0081AA80 /* Build configuration list for PBXProject "finalcoredata" */ = {
			isa = XCConfigurationList;
			buildConfigurations = (
				B9322D8E203D684B0081AA80 /* Debug */,
				B9322D8F203D684B0081AA80 /* Release */,
			);
			defaultConfigurationIsVisible = 0;
			defaultConfigurationName = Release;
		};
		B9322D90203D684B0081AA80 /* Build configuration list for PBXNativeTarget "finalcoredata" */ = {
			isa = XCConfigurationList;
			buildConfigurations = (
				B9322D91203D684B0081AA80 /* Debug */,
				B9322D92203D684B0081AA80 /* Release */,
			);
			defaultConfigurationIsVisible = 0;
			defaultConfigurationName = Release;
		};
/* End XCConfigurationList section */

/* Begin XCVersionGroup section */
		B9322D85203D684B0081AA80 /* finalcoredata.xcdatamodeld */ = {
			isa = XCVersionGroup;
			children = (
				B9322D86203D684B0081AA80 /* finalcoredata.xcdatamodel */,
			);
			currentVersion = B9322D86203D684B0081AA80 /* finalcoredata.xcdatamodel */;
			path = finalcoredata.xcdatamodeld;
			sourceTree = "<group>";
			versionGroupType = wrapper.xcdatamodel;
		};
/* End XCVersionGroup section */
	};
	rootObject = B9322D6E203D684B0081AA80 /* Project object */;
}
